
Microsoft Visual Studio Solution File, Format Version 12.00
# Visual Studio Version 17
VisualStudioVersion = 17.10.35004.147
MinimumVisualStudioVersion = 10.0.40219.1
Project("{FAE04EC0-301F-11D3-BF4B-00C04F79EFBC}") = "CreateTextFile", "CreateTextFile.csproj", "{C438C111-A536-43E0-AF42-A26F4701E51C}"
EndProject
Global
	GlobalSection(SolutionConfigurationPlatforms) = preSolution
		Debug|Any CPU = Debug|Any CPU
		Release|Any CPU = Release|Any CPU
	EndGlobalSection
	GlobalSection(ProjectConfigurationPlatforms) = postSolution
		{C438C111-A536-43E0-AF42-A26F4701E51C}.Debug|Any CPU.ActiveCfg = Debug|Any CPU
		{C438C111-A536-43E0-AF42-A26F4701E51C}.Debug|Any CPU.Build.0 = Debug|Any CPU
		{C438C111-A536-43E0-AF42-A26F4701E51C}.Release|Any CPU.ActiveCfg = Release|Any CPU
		{C438C111-A536-43E0-AF42-A26F4701E51C}.Release|Any CPU.Build.0 = Release|Any CPU
	EndGlobalSection
	GlobalSection(SolutionProperties) = preSolution
		HideSolutionNode = FALSE
	EndGlobalSection
	GlobalSection(ExtensibilityGlobals) = postSolution
		SolutionGuid = {8F50221E-C517-4F98-84F2-7EAAE9DD7665}
	EndGlobalSection
EndGlobal
